
Microsoft Visual Studio Solution File, Format Version 12.00
# Visual Studio Version 17
VisualStudioVersion = 17.11.35219.272
MinimumVisualStudioVersion = 10.0.40219.1
Project("{FAE04EC0-301F-11D3-BF4B-00C04F79EFBC}") = "Homework5_Part1", "Homework5_Part1\Homework5_Part1.csproj", "{DCDE0D01-665F-409F-8F8D-99C667244041}"
EndProject
Global
	GlobalSection(SolutionConfigurationPlatforms) = preSolution
		Debug|Any CPU = Debug|Any CPU
		Release|Any CPU = Release|Any CPU
	EndGlobalSection
	GlobalSection(ProjectConfigurationPlatforms) = postSolution
		{DCDE0D01-665F-409F-8F8D-99C667244041}.Debug|Any CPU.ActiveCfg = Debug|Any CPU
		{DCDE0D01-665F-409F-8F8D-99C667244041}.Debug|Any CPU.Build.0 = Debug|Any CPU
		{DCDE0D01-665F-409F-8F8D-99C667244041}.Release|Any CPU.ActiveCfg = Release|Any CPU
		{DCDE0D01-665F-409F-8F8D-99C667244041}.Release|Any CPU.Build.0 = Release|Any CPU
	EndGlobalSection
	GlobalSection(SolutionProperties) = preSolution
		HideSolutionNode = FALSE
	EndGlobalSection
	GlobalSection(ExtensibilityGlobals) = postSolution
		SolutionGuid = {89FC85AC-7EE8-4376-B587-10710D3707F6}
	EndGlobalSection
EndGlobal
